
Microsoft Visual Studio Solution File, Format Version 12.00
# Visual Studio 15
VisualStudioVersion = 15.0.28010.2003
MinimumVisualStudioVersion = 10.0.40219.1
Project("{8BC9CEB8-8B4A-11D0-8D11-00A0C91BC942}") = "Project", "Project\Project.vcxproj", "{31DB26FB-0D03-4D5A-9606-FD0BDF4B7452}"
EndProject
Global
	GlobalSection(SolutionConfigurationPlatforms) = preSolution
		Debug|x64 = Debug|x64
		Debug|x86 = Debug|x86
		Release|x64 = Release|x64
		Release|x86 = Release|x86
	EndGlobalSection
	GlobalSection(ProjectConfigurationPlatforms) = postSolution
		{31DB26FB-0D03-4D5A-9606-FD0BDF4B7452}.Debug|x64.ActiveCfg = Debug|x64
		{31DB26FB-0D03-4D5A-9606-FD0BDF4B7452}.Debug|x64.Build.0 = Debug|x64
		{31DB26FB-0D03-4D5A-9606-FD0BDF4B7452}.Debug|x86.ActiveCfg = Debug|Win32
		{31DB26FB-0D03-4D5A-9606-FD0BDF4B7452}.Debug|x86.Build.0 = Debug|Win32
		{31DB26FB-0D03-4D5A-9606-FD0BDF4B7452}.Release|x64.ActiveCfg = Release|x64
		{31DB26FB-0D03-4D5A-9606-FD0BDF4B7452}.Release|x64.Build.0 = Release|x64
		{31DB26FB-0D03-4D5A-9606-FD0BDF4B7452}.Release|x86.ActiveCfg = Release|Win32
		{31DB26FB-0D03-4D5A-9606-FD0BDF4B7452}.Release|x86.Build.0 = Release|Win32
	EndGlobalSection
	GlobalSection(SolutionProperties) = preSolution
		HideSolutionNode = FALSE
	EndGlobalSection
	GlobalSection(ExtensibilityGlobals) = postSolution
		SolutionGuid = {76B58D5D-986F-4698-AECE-12B6EF14FF6F}
	EndGlobalSection
EndGlobal
