
Microsoft Visual Studio Solution File, Format Version 12.00
# Visual Studio 15
VisualStudioVersion = 15.0.28010.2003
MinimumVisualStudioVersion = 10.0.40219.1
Project("{8BC9CEB8-8B4A-11D0-8D11-00A0C91BC942}") = "Perceptron 4.0", "Perceptron 4.0.vcxproj", "{C0369187-4B5B-41E4-9EA3-DA3449DEC10A}"
EndProject
Global
	GlobalSection(SolutionConfigurationPlatforms) = preSolution
		Debug|x64 = Debug|x64
		Debug|x86 = Debug|x86
		Release|x64 = Release|x64
		Release|x86 = Release|x86
	EndGlobalSection
	GlobalSection(ProjectConfigurationPlatforms) = postSolution
		{C0369187-4B5B-41E4-9EA3-DA3449DEC10A}.Debug|x64.ActiveCfg = Debug|x64
		{C0369187-4B5B-41E4-9EA3-DA3449DEC10A}.Debug|x64.Build.0 = Debug|x64
		{C0369187-4B5B-41E4-9EA3-DA3449DEC10A}.Debug|x86.ActiveCfg = Debug|Win32
		{C0369187-4B5B-41E4-9EA3-DA3449DEC10A}.Debug|x86.Build.0 = Debug|Win32
		{C0369187-4B5B-41E4-9EA3-DA3449DEC10A}.Release|x64.ActiveCfg = Release|x64
		{C0369187-4B5B-41E4-9EA3-DA3449DEC10A}.Release|x64.Build.0 = Release|x64
		{C0369187-4B5B-41E4-9EA3-DA3449DEC10A}.Release|x86.ActiveCfg = Release|Win32
		{C0369187-4B5B-41E4-9EA3-DA3449DEC10A}.Release|x86.Build.0 = Release|Win32
	EndGlobalSection
	GlobalSection(SolutionProperties) = preSolution
		HideSolutionNode = FALSE
	EndGlobalSection
	GlobalSection(ExtensibilityGlobals) = postSolution
		SolutionGuid = {6115E123-1C05-42B4-9501-8BF23A058092}
	EndGlobalSection
EndGlobal
